{
  "version": 4,
  "terraform_version": "1.6.6",
  "serial": 7,
  "lineage": "47c0b14c-14ce-7f44-0a99-e1310e6c2ed0",
  "outputs": {
    "vm_instance_id": {
      "value": "projects/sapient-tangent-456419-j5/zones/us-central1-a/instances/tariq-cloud-1-vm",
      "type": "string"
    },
    "vm_instance_ip": {
      "value": "34.66.134.174",
      "type": "string"
    },
    "vm_instance_name": {
      "value": "tariq-cloud-1-vm",
      "type": "string"
    },
    "vm_user": {
      "value": "tariq",
      "type": "string"
    }
  },
  "resources": [
    {
      "mode": "managed",
      "type": "google_compute_firewall",
      "name": "allow_http",
      "provider": "provider[\"registry.terraform.io/hashicorp/google\"]",
      "instances": [
        {
          "schema_version": 1,
          "attributes": {
            "allow": [
              {
                "ports": [
                  "80"
                ],
                "protocol": "tcp"
              }
            ],
            "creation_timestamp": "2025-06-05T05:47:34.698-07:00",
            "deny": [],
            "description": "",
            "destination_ranges": [],
            "direction": "INGRESS",
            "disabled": false,
            "enable_logging": null,
            "id": "projects/sapient-tangent-456419-j5/global/firewalls/allow-http",
            "log_config": [],
            "name": "allow-http",
            "network": "https://www.googleapis.com/compute/v1/projects/sapient-tangent-456419-j5/global/networks/default",
            "priority": 1000,
            "project": "sapient-tangent-456419-j5",
            "self_link": "https://www.googleapis.com/compute/v1/projects/sapient-tangent-456419-j5/global/firewalls/allow-http",
            "source_ranges": [
              "0.0.0.0/0"
            ],
            "source_service_accounts": [],
            "source_tags": [],
            "target_service_accounts": [],
            "target_tags": [
              "web"
            ],
            "timeouts": null
          },
          "sensitive_attributes": [],
          "private": "eyJlMmJmYjczMC1lY2FhLTExZTYtOGY4OC0zNDM2M2JjN2M0YzAiOnsiY3JlYXRlIjoxMjAwMDAwMDAwMDAwLCJkZWxldGUiOjEyMDAwMDAwMDAwMDAsInVwZGF0ZSI6MTIwMDAwMDAwMDAwMH0sInNjaGVtYV92ZXJzaW9uIjoiMSJ9"
        }
      ]
    },
    {
      "mode": "managed",
      "type": "google_compute_firewall",
      "name": "allow_https",
      "provider": "provider[\"registry.terraform.io/hashicorp/google\"]",
      "instances": [
        {
          "schema_version": 1,
          "attributes": {
            "allow": [
              {
                "ports": [
                  "443"
                ],
                "protocol": "tcp"
              }
            ],
            "creation_timestamp": "2025-06-05T05:47:35.532-07:00",
            "deny": [],
            "description": "",
            "destination_ranges": [],
            "direction": "INGRESS",
            "disabled": false,
            "enable_logging": null,
            "id": "projects/sapient-tangent-456419-j5/global/firewalls/allow-https",
            "log_config": [],
            "name": "allow-https",
            "network": "https://www.googleapis.com/compute/v1/projects/sapient-tangent-456419-j5/global/networks/default",
            "priority": 1000,
            "project": "sapient-tangent-456419-j5",
            "self_link": "https://www.googleapis.com/compute/v1/projects/sapient-tangent-456419-j5/global/firewalls/allow-https",
            "source_ranges": [
              "0.0.0.0/0"
            ],
            "source_service_accounts": [],
            "source_tags": [],
            "target_service_accounts": [],
            "target_tags": [
              "web"
            ],
            "timeouts": null
          },
          "sensitive_attributes": [],
          "private": "eyJlMmJmYjczMC1lY2FhLTExZTYtOGY4OC0zNDM2M2JjN2M0YzAiOnsiY3JlYXRlIjoxMjAwMDAwMDAwMDAwLCJkZWxldGUiOjEyMDAwMDAwMDAwMDAsInVwZGF0ZSI6MTIwMDAwMDAwMDAwMH0sInNjaGVtYV92ZXJzaW9uIjoiMSJ9"
        }
      ]
    },
    {
      "mode": "managed",
      "type": "google_compute_instance",
      "name": "vm_instance",
      "provider": "provider[\"registry.terraform.io/hashicorp/google\"]",
      "instances": [
        {
          "schema_version": 6,
          "attributes": {
            "advanced_machine_features": [],
            "allow_stopping_for_update": null,
            "attached_disk": [],
            "boot_disk": [
              {
                "auto_delete": true,
                "device_name": "persistent-disk-0",
                "disk_encryption_key_raw": "",
                "disk_encryption_key_sha256": "",
                "initialize_params": [
                  {
                    "enable_confidential_compute": false,
                    "image": "https://www.googleapis.com/compute/v1/projects/ubuntu-os-cloud/global/images/ubuntu-2004-focal-v20250530",
                    "labels": {},
                    "provisioned_iops": 0,
                    "provisioned_throughput": 0,
                    "resource_manager_tags": null,
                    "size": 10,
                    "storage_pool": "",
                    "type": "pd-standard"
                  }
                ],
                "kms_key_self_link": "",
                "mode": "READ_WRITE",
                "source": "https://www.googleapis.com/compute/v1/projects/sapient-tangent-456419-j5/zones/us-central1-a/disks/tariq-cloud-1-vm"
              }
            ],
            "can_ip_forward": false,
            "confidential_instance_config": [],
            "cpu_platform": "Intel Broadwell",
            "current_status": "RUNNING",
            "deletion_protection": false,
            "description": "",
            "desired_status": null,
            "effective_labels": {},
            "enable_display": false,
            "guest_accelerator": [],
            "hostname": "",
            "id": "projects/sapient-tangent-456419-j5/zones/us-central1-a/instances/tariq-cloud-1-vm",
            "instance_id": "1615652784406537596",
            "label_fingerprint": "42WmSpB8rSM=",
            "labels": null,
            "machine_type": "e2-medium",
            "metadata": {
              "ssh-keys": "tariq:ssh-rsa AAAAB3NzaC1yc2EAAAADAQABAAACAQCnhND46Acmjl15pejmWrcJKMyxFgTwGeTuFPxQZYW2fAv9h4k/ivSlc88wSy8+8aUA/DxJQoSdk4pV/6CWmGR/CPZZRg7tgGgwGg6MuJkRGIEjvZ1kxRKu9cxTblr6iZz67nwvpjZVd5UsnHEfq5ckWoK8NYZLGYJUAMm9ODlmjJG04Dy5I9NejFmv5TZ+3/WNDId7rFMoeFl8i6RtcjOfcAZZ2QIDh9guFXttGzPBtp8PBDJCBlMcvoQaqmbJ5X/tjcePzNVtWbqpbFAiy1fiJYENGDWi5VdoE2/iQrXv/EbA0EdOYY2TDBh3jfyzulZE226P3opXZcZzhP7K01BNGdJohYUEwO92wm9SJeH0V0D7SPs4SgEJXfn4sv/jUVF1Nm+aakfb+tWEbEPSh8vosGDMNNYhrfK4Xky4EGD+t8yKp7EKi2W9P8fuiP20zp1D68/7GR4WLAe0P6f/Csd42sLtPLrr3fBHxVW/cyaIpMAtCxpyCOY9iWI/aF4JAFc1eCREp1Z6vSlKxqKNyarPs7fTYEIlmXQcRbI6WbU/3WKP+F/Ryfn2y5S5uMhY/RS2UvfgKqw/i7Y5jWei8rij9laLPOVV/KiK46BDkyMxailSUd2xaH1BvBIpbTAmyoFz9tNjrCDgJeS0AzBt6j3N7fZZGa+oCz7tyvfeXscAMQ== khawlaadjane@gmail.com\n",
              "startup-script": "        #!/bin/bash\n        set -e\n\n        # Set the user password\n        echo \"tariq:Cloud-1-password\" | chpasswd\n\n        # Remove tariq from google-sudoers if present\n        deluser tariq google-sudoers || true\n\n        # Create custom sudoers file that requires password\n        echo \"tariq ALL=(ALL) ALL\" \u003e /etc/sudoers.d/tariq-requires-password\n        chmod 440 /etc/sudoers.d/tariq-requires-password\n      \n"
            },
            "metadata_fingerprint": "k6r-DkBC3iw=",
            "metadata_startup_script": null,
            "min_cpu_platform": "",
            "name": "tariq-cloud-1-vm",
            "network_interface": [
              {
                "access_config": [
                  {
                    "nat_ip": "34.66.134.174",
                    "network_tier": "PREMIUM",
                    "public_ptr_domain_name": ""
                  }
                ],
                "alias_ip_range": [],
                "internal_ipv6_prefix_length": 0,
                "ipv6_access_config": [],
                "ipv6_access_type": "",
                "ipv6_address": "",
                "name": "nic0",
                "network": "https://www.googleapis.com/compute/v1/projects/sapient-tangent-456419-j5/global/networks/default",
                "network_ip": "10.128.0.15",
                "nic_type": "",
                "queue_count": 0,
                "stack_type": "IPV4_ONLY",
                "subnetwork": "https://www.googleapis.com/compute/v1/projects/sapient-tangent-456419-j5/regions/us-central1/subnetworks/default",
                "subnetwork_project": "sapient-tangent-456419-j5"
              }
            ],
            "network_performance_config": [],
            "params": [],
            "project": "sapient-tangent-456419-j5",
            "reservation_affinity": [],
            "resource_policies": null,
            "scheduling": [
              {
                "automatic_restart": true,
                "instance_termination_action": "",
                "local_ssd_recovery_timeout": [],
                "max_run_duration": [],
                "min_node_cpus": 0,
                "node_affinities": [],
                "on_host_maintenance": "MIGRATE",
                "on_instance_stop_action": [],
                "preemptible": false,
                "provisioning_model": "STANDARD"
              }
            ],
            "scratch_disk": [],
            "self_link": "https://www.googleapis.com/compute/v1/projects/sapient-tangent-456419-j5/zones/us-central1-a/instances/tariq-cloud-1-vm",
            "service_account": [],
            "shielded_instance_config": [
              {
                "enable_integrity_monitoring": true,
                "enable_secure_boot": false,
                "enable_vtpm": true
              }
            ],
            "tags": [
              "dev",
              "web"
            ],
            "tags_fingerprint": "XaeQnaHMn9Y=",
            "terraform_labels": {},
            "timeouts": null,
            "zone": "us-central1-a"
          },
          "sensitive_attributes": [],
          "private": "eyJlMmJmYjczMC1lY2FhLTExZTYtOGY4OC0zNDM2M2JjN2M0YzAiOnsiY3JlYXRlIjoxMjAwMDAwMDAwMDAwLCJkZWxldGUiOjEyMDAwMDAwMDAwMDAsInVwZGF0ZSI6MTIwMDAwMDAwMDAwMH0sInNjaGVtYV92ZXJzaW9uIjoiNiJ9"
        }
      ]
    }
  ],
  "check_results": null
}
